
Microsoft Visual Studio Solution File, Format Version 12.00
# Visual Studio 15
VisualStudioVersion = 15.0.28307.705
MinimumVisualStudioVersion = 10.0.40219.1
Project("{FAE04EC0-301F-11D3-BF4B-00C04F79EFBC}") = "Ingreso_5_Notas", "Ingreso_5_Notas\Ingreso_5_Notas.csproj", "{CFE42584-2BC6-4C0F-A4D3-2F77ADCEC8AC}"
EndProject
Global
	GlobalSection(SolutionConfigurationPlatforms) = preSolution
		Debug|Any CPU = Debug|Any CPU
		Release|Any CPU = Release|Any CPU
	EndGlobalSection
	GlobalSection(ProjectConfigurationPlatforms) = postSolution
		{CFE42584-2BC6-4C0F-A4D3-2F77ADCEC8AC}.Debug|Any CPU.ActiveCfg = Debug|Any CPU
		{CFE42584-2BC6-4C0F-A4D3-2F77ADCEC8AC}.Debug|Any CPU.Build.0 = Debug|Any CPU
		{CFE42584-2BC6-4C0F-A4D3-2F77ADCEC8AC}.Release|Any CPU.ActiveCfg = Release|Any CPU
		{CFE42584-2BC6-4C0F-A4D3-2F77ADCEC8AC}.Release|Any CPU.Build.0 = Release|Any CPU
	EndGlobalSection
	GlobalSection(SolutionProperties) = preSolution
		HideSolutionNode = FALSE
	EndGlobalSection
	GlobalSection(ExtensibilityGlobals) = postSolution
		SolutionGuid = {609E1223-3CC6-4BFF-888B-229E8FBFA67F}
	EndGlobalSection
EndGlobal
